
Microsoft Visual Studio Solution File, Format Version 12.00
# Visual Studio Version 17
VisualStudioVersion = 17.10.35004.147
MinimumVisualStudioVersion = 10.0.40219.1
Project("{9A19103F-16F7-4668-BE54-9A1E7A4F7556}") = "Court4U", "Court4U\Court4U.csproj", "{781DA9B5-0923-41E1-A855-3757F2EC891C}"
EndProject
Project("{9A19103F-16F7-4668-BE54-9A1E7A4F7556}") = "BusinessLogic", "BusinessLogic\BusinessLogic.csproj", "{5A98ECD4-987D-42BD-9C64-2F8CEB99651C}"
EndProject
Project("{9A19103F-16F7-4668-BE54-9A1E7A4F7556}") = "DataAccess", "DataAccess\DataAccess.csproj", "{595A12C5-73D8-4C67-9D5B-63BD6128C0DB}"
EndProject
Project("{FAE04EC0-301F-11D3-BF4B-00C04F79EFBC}") = "UpdateStatusWorker", "UpdateStatusWorker\UpdateStatusWorker.csproj", "{FDE815F6-8487-4214-8B61-7DC1254B0733}"
EndProject
Global
	GlobalSection(SolutionConfigurationPlatforms) = preSolution
		Debug|Any CPU = Debug|Any CPU
		Release|Any CPU = Release|Any CPU
	EndGlobalSection
	GlobalSection(ProjectConfigurationPlatforms) = postSolution
		{781DA9B5-0923-41E1-A855-3757F2EC891C}.Debug|Any CPU.ActiveCfg = Debug|Any CPU
		{781DA9B5-0923-41E1-A855-3757F2EC891C}.Debug|Any CPU.Build.0 = Debug|Any CPU
		{781DA9B5-0923-41E1-A855-3757F2EC891C}.Release|Any CPU.ActiveCfg = Release|Any CPU
		{781DA9B5-0923-41E1-A855-3757F2EC891C}.Release|Any CPU.Build.0 = Release|Any CPU
		{5A98ECD4-987D-42BD-9C64-2F8CEB99651C}.Debug|Any CPU.ActiveCfg = Debug|Any CPU
		{5A98ECD4-987D-42BD-9C64-2F8CEB99651C}.Debug|Any CPU.Build.0 = Debug|Any CPU
		{5A98ECD4-987D-42BD-9C64-2F8CEB99651C}.Release|Any CPU.ActiveCfg = Release|Any CPU
		{5A98ECD4-987D-42BD-9C64-2F8CEB99651C}.Release|Any CPU.Build.0 = Release|Any CPU
		{595A12C5-73D8-4C67-9D5B-63BD6128C0DB}.Debug|Any CPU.ActiveCfg = Debug|Any CPU
		{595A12C5-73D8-4C67-9D5B-63BD6128C0DB}.Debug|Any CPU.Build.0 = Debug|Any CPU
		{595A12C5-73D8-4C67-9D5B-63BD6128C0DB}.Release|Any CPU.ActiveCfg = Release|Any CPU
		{595A12C5-73D8-4C67-9D5B-63BD6128C0DB}.Release|Any CPU.Build.0 = Release|Any CPU
		{FDE815F6-8487-4214-8B61-7DC1254B0733}.Debug|Any CPU.ActiveCfg = Debug|Any CPU
		{FDE815F6-8487-4214-8B61-7DC1254B0733}.Debug|Any CPU.Build.0 = Debug|Any CPU
		{FDE815F6-8487-4214-8B61-7DC1254B0733}.Release|Any CPU.ActiveCfg = Release|Any CPU
		{FDE815F6-8487-4214-8B61-7DC1254B0733}.Release|Any CPU.Build.0 = Release|Any CPU
	EndGlobalSection
	GlobalSection(SolutionProperties) = preSolution
		HideSolutionNode = FALSE
	EndGlobalSection
	GlobalSection(ExtensibilityGlobals) = postSolution
		SolutionGuid = {E0AFB20E-34D9-4C75-929D-D71414978533}
	EndGlobalSection
EndGlobal
